# THIS IS AN AUTOGENERATED FILE. DO NOT EDIT THIS FILE DIRECTLY.
# yarn lockfile v1


glsl-camera-ray@^1.0.0:
  version "1.0.0"
  resolved "https://registry.yarnpkg.com/glsl-camera-ray/-/glsl-camera-ray-1.0.0.tgz#e5adfe123c02bc818c7ddb3e409c273817a955ed"
  dependencies:
    glsl-look-at "^1.0.0"

glsl-look-at@^1.0.0:
  version "1.0.0"
  resolved "https://registry.yarnpkg.com/glsl-look-at/-/glsl-look-at-1.0.0.tgz#633bb179541c2fd5e8f591d6d2dd9d451e289f7b"

glsl-noise@^0.0.0:
  version "0.0.0"
  resolved "https://registry.yarnpkg.com/glsl-noise/-/glsl-noise-0.0.0.tgz#367745f3a33382c0eeec4cb54b7e99cfc1d7670b"

glsl-raytrace@^1.0.0:
  version "1.0.0"
  resolved "https://registry.yarnpkg.com/glsl-raytrace/-/glsl-raytrace-1.0.0.tgz#5fd022180a36d69522e2644d300ff20966b078de"

glsl-sdf-normal@^1.0.0:
  version "1.0.0"
  resolved "https://registry.yarnpkg.com/glsl-sdf-normal/-/glsl-sdf-normal-1.0.0.tgz#0e3e90617a929f689ecabff73dd66e2821143aef"

glsl-sdf-ops@^0.0.3:
  version "0.0.3"
  resolved "https://registry.yarnpkg.com/glsl-sdf-ops/-/glsl-sdf-ops-0.0.3.tgz#6a7c4091c940dad4c65ce63c85d8b1e821d9de21"

glsl-sdf-primitives@^0.0.1:
  version "0.0.1"
  resolved "https://registry.yarnpkg.com/glsl-sdf-primitives/-/glsl-sdf-primitives-0.0.1.tgz#7a2faced950f10f272730c642b75834b35895e70"

glsl-smooth-min@^1.0.0:
  version "1.0.0"
  resolved "https://registry.yarnpkg.com/glsl-smooth-min/-/glsl-smooth-min-1.0.0.tgz#93f00a06675be789933676e9210cd597ad5b1c57"

glsl-square-frame@^1.0.1:
  version "1.0.1"
  resolved "https://registry.yarnpkg.com/glsl-square-frame/-/glsl-square-frame-1.0.1.tgz#60f03b9c1309acda435be841d78194d8966d8533"
